
Microsoft Visual Studio Solution File, Format Version 12.00
# Visual Studio 15
VisualStudioVersion = 15.0.28307.539
MinimumVisualStudioVersion = 10.0.40219.1
Project("{2150E333-8FDC-42A3-9474-1A3956D46DE8}") = "DotNetCore", "DotNetCore", "{40EF6E1D-CD8C-494D-B944-88D1A4B8B39E}"
EndProject
Project("{2150E333-8FDC-42A3-9474-1A3956D46DE8}") = "DotNetFramework", "DotNetFramework", "{E473A961-C757-4C35-B866-62DCC91BEA8A}"
EndProject
Project("{9A19103F-16F7-4668-BE54-9A1E7A4F7556}") = "Core21", "Core21\Core21.csproj", "{323E0B30-1FC3-4A3E-854B-6907F9B6D27A}"
EndProject
Project("{FAE04EC0-301F-11D3-BF4B-00C04F79EFBC}") = "Framework35", "Framework35\Framework35.csproj", "{263DD3A9-06A5-473C-BA4F-B038794851F4}"
EndProject
Project("{FAE04EC0-301F-11D3-BF4B-00C04F79EFBC}") = "Framework452", "Framework452\Framework452.csproj", "{D9969CF4-C851-4402-9C32-96309831BD35}"
EndProject
Project("{FAE04EC0-301F-11D3-BF4B-00C04F79EFBC}") = "Framework471", "Framework471\Framework471.csproj", "{5947EADE-B9D3-4149-9297-34F0D7606F70}"
EndProject
Project("{FAE04EC0-301F-11D3-BF4B-00C04F79EFBC}") = "Framework46", "Framework46\Framework46.csproj", "{1DEDD1DE-8339-4C4A-922A-42BDB74779C1}"
EndProject
Project("{9A19103F-16F7-4668-BE54-9A1E7A4F7556}") = "Core11", "Core11\Core11.csproj", "{488B8BF6-0D2C-4C22-A31A-7190FDDAEE97}"
EndProject
Project("{2150E333-8FDC-42A3-9474-1A3956D46DE8}") = "ResourcesMeters", "ResourcesMeters", "{6A8D2E2E-24A2-4291-86EA-1245BE32FA8A}"
EndProject
Project("{9A19103F-16F7-4668-BE54-9A1E7A4F7556}") = "CoreResourceMeter", "CoreResourceMeter\CoreResourceMeter.csproj", "{826E5F0A-62C1-4BAD-A811-1890CA0CB52C}"
EndProject
Project("{FAE04EC0-301F-11D3-BF4B-00C04F79EFBC}") = "FrameworkResourceMeter", "FrameworkResourceMeter\FrameworkResourceMeter.csproj", "{E5EEEFC4-CE26-4979-92F2-71E2D7B2A163}"
EndProject
Global
	GlobalSection(SolutionConfigurationPlatforms) = preSolution
		Debug|Any CPU = Debug|Any CPU
		Release|Any CPU = Release|Any CPU
	EndGlobalSection
	GlobalSection(ProjectConfigurationPlatforms) = postSolution
		{323E0B30-1FC3-4A3E-854B-6907F9B6D27A}.Debug|Any CPU.ActiveCfg = Debug|Any CPU
		{323E0B30-1FC3-4A3E-854B-6907F9B6D27A}.Debug|Any CPU.Build.0 = Debug|Any CPU
		{323E0B30-1FC3-4A3E-854B-6907F9B6D27A}.Release|Any CPU.ActiveCfg = Release|Any CPU
		{323E0B30-1FC3-4A3E-854B-6907F9B6D27A}.Release|Any CPU.Build.0 = Release|Any CPU
		{263DD3A9-06A5-473C-BA4F-B038794851F4}.Debug|Any CPU.ActiveCfg = Debug|Any CPU
		{263DD3A9-06A5-473C-BA4F-B038794851F4}.Debug|Any CPU.Build.0 = Debug|Any CPU
		{263DD3A9-06A5-473C-BA4F-B038794851F4}.Release|Any CPU.ActiveCfg = Release|Any CPU
		{263DD3A9-06A5-473C-BA4F-B038794851F4}.Release|Any CPU.Build.0 = Release|Any CPU
		{D9969CF4-C851-4402-9C32-96309831BD35}.Debug|Any CPU.ActiveCfg = Debug|Any CPU
		{D9969CF4-C851-4402-9C32-96309831BD35}.Debug|Any CPU.Build.0 = Debug|Any CPU
		{D9969CF4-C851-4402-9C32-96309831BD35}.Release|Any CPU.ActiveCfg = Release|Any CPU
		{D9969CF4-C851-4402-9C32-96309831BD35}.Release|Any CPU.Build.0 = Release|Any CPU
		{5947EADE-B9D3-4149-9297-34F0D7606F70}.Debug|Any CPU.ActiveCfg = Debug|Any CPU
		{5947EADE-B9D3-4149-9297-34F0D7606F70}.Debug|Any CPU.Build.0 = Debug|Any CPU
		{5947EADE-B9D3-4149-9297-34F0D7606F70}.Release|Any CPU.ActiveCfg = Release|Any CPU
		{5947EADE-B9D3-4149-9297-34F0D7606F70}.Release|Any CPU.Build.0 = Release|Any CPU
		{1DEDD1DE-8339-4C4A-922A-42BDB74779C1}.Debug|Any CPU.ActiveCfg = Debug|Any CPU
		{1DEDD1DE-8339-4C4A-922A-42BDB74779C1}.Debug|Any CPU.Build.0 = Debug|Any CPU
		{1DEDD1DE-8339-4C4A-922A-42BDB74779C1}.Release|Any CPU.ActiveCfg = Release|Any CPU
		{1DEDD1DE-8339-4C4A-922A-42BDB74779C1}.Release|Any CPU.Build.0 = Release|Any CPU
		{488B8BF6-0D2C-4C22-A31A-7190FDDAEE97}.Debug|Any CPU.ActiveCfg = Debug|Any CPU
		{488B8BF6-0D2C-4C22-A31A-7190FDDAEE97}.Debug|Any CPU.Build.0 = Debug|Any CPU
		{488B8BF6-0D2C-4C22-A31A-7190FDDAEE97}.Release|Any CPU.ActiveCfg = Release|Any CPU
		{488B8BF6-0D2C-4C22-A31A-7190FDDAEE97}.Release|Any CPU.Build.0 = Release|Any CPU
		{826E5F0A-62C1-4BAD-A811-1890CA0CB52C}.Debug|Any CPU.ActiveCfg = Debug|Any CPU
		{826E5F0A-62C1-4BAD-A811-1890CA0CB52C}.Debug|Any CPU.Build.0 = Debug|Any CPU
		{826E5F0A-62C1-4BAD-A811-1890CA0CB52C}.Release|Any CPU.ActiveCfg = Release|Any CPU
		{826E5F0A-62C1-4BAD-A811-1890CA0CB52C}.Release|Any CPU.Build.0 = Release|Any CPU
		{E5EEEFC4-CE26-4979-92F2-71E2D7B2A163}.Debug|Any CPU.ActiveCfg = Debug|Any CPU
		{E5EEEFC4-CE26-4979-92F2-71E2D7B2A163}.Debug|Any CPU.Build.0 = Debug|Any CPU
		{E5EEEFC4-CE26-4979-92F2-71E2D7B2A163}.Release|Any CPU.ActiveCfg = Release|Any CPU
		{E5EEEFC4-CE26-4979-92F2-71E2D7B2A163}.Release|Any CPU.Build.0 = Release|Any CPU
	EndGlobalSection
	GlobalSection(SolutionProperties) = preSolution
		HideSolutionNode = FALSE
	EndGlobalSection
	GlobalSection(NestedProjects) = preSolution
		{323E0B30-1FC3-4A3E-854B-6907F9B6D27A} = {40EF6E1D-CD8C-494D-B944-88D1A4B8B39E}
		{263DD3A9-06A5-473C-BA4F-B038794851F4} = {E473A961-C757-4C35-B866-62DCC91BEA8A}
		{D9969CF4-C851-4402-9C32-96309831BD35} = {E473A961-C757-4C35-B866-62DCC91BEA8A}
		{5947EADE-B9D3-4149-9297-34F0D7606F70} = {E473A961-C757-4C35-B866-62DCC91BEA8A}
		{1DEDD1DE-8339-4C4A-922A-42BDB74779C1} = {E473A961-C757-4C35-B866-62DCC91BEA8A}
		{488B8BF6-0D2C-4C22-A31A-7190FDDAEE97} = {40EF6E1D-CD8C-494D-B944-88D1A4B8B39E}
		{826E5F0A-62C1-4BAD-A811-1890CA0CB52C} = {6A8D2E2E-24A2-4291-86EA-1245BE32FA8A}
		{E5EEEFC4-CE26-4979-92F2-71E2D7B2A163} = {6A8D2E2E-24A2-4291-86EA-1245BE32FA8A}
	EndGlobalSection
	GlobalSection(ExtensibilityGlobals) = postSolution
		SolutionGuid = {0F564EDD-18D0-4663-859F-51E298DBBF9F}
	EndGlobalSection
EndGlobal
